// !$*UTF8*$!
{
	archiveVersion = 1;
	classes = {
	};
	objectVersion = 48;
	objects = {

/* Begin PBXBuildFile section */
		B159AB781FB3ACB8003BE5A9 /* AppDelegate.swift in Sources */ = {isa = PBXBuildFile; fileRef = B159AB771FB3ACB8003BE5A9 /* AppDelegate.swift */; };
		B159AB7A1FB3ACB8003BE5A9 /* ViewController.swift in Sources */ = {isa = PBXBuildFile; fileRef = B159AB791FB3ACB8003BE5A9 /* ViewController.swift */; };
		B159AB7D1FB3ACB8003BE5A9 /* Main.storyboard in Resources */ = {isa = PBXBuildFile; fileRef = B159AB7B1FB3ACB8003BE5A9 /* Main.storyboard */; };
		B159AB801FB3ACB8003BE5A9 /* ElectroProject.xcdatamodeld in Sources */ = {isa = PBXBuildFile; fileRef = B159AB7E1FB3ACB8003BE5A9 /* ElectroProject.xcdatamodeld */; };
		B159AB821FB3ACB8003BE5A9 /* Assets.xcassets in Resources */ = {isa = PBXBuildFile; fileRef = B159AB811FB3ACB8003BE5A9 /* Assets.xcassets */; };
		B159AB851FB3ACB8003BE5A9 /* LaunchScreen.storyboard in Resources */ = {isa = PBXBuildFile; fileRef = B159AB831FB3ACB8003BE5A9 /* LaunchScreen.storyboard */; };
/* End PBXBuildFile section */

/* Begin PBXFileReference section */
		B159AB741FB3ACB8003BE5A9 /* ElectroProject.app */ = {isa = PBXFileReference; explicitFileType = wrapper.application; includeInIndex = 0; path = ElectroProject.app; sourceTree = BUILT_PRODUCTS_DIR; };
		B159AB771FB3ACB8003BE5A9 /* AppDelegate.swift */ = {isa = PBXFileReference; lastKnownFileType = sourcecode.swift; path = AppDelegate.swift; sourceTree = "<group>"; };
		B159AB791FB3ACB8003BE5A9 /* ViewController.swift */ = {isa = PBXFileReference; lastKnownFileType = sourcecode.swift; path = ViewController.swift; sourceTree = "<group>"; };
		B159AB7C1FB3ACB8003BE5A9 /* Base */ = {isa = PBXFileReference; lastKnownFileType = file.storyboard; name = Base; path = Base.lproj/Main.storyboard; sourceTree = "<group>"; };
		B159AB7F1FB3ACB8003BE5A9 /* ElectroProject.xcdatamodel */ = {isa = PBXFileReference; lastKnownFileType = wrapper.xcdatamodel; path = ElectroProject.xcdatamodel; sourceTree = "<group>"; };
		B159AB811FB3ACB8003BE5A9 /* Assets.xcassets */ = {isa = PBXFileReference; lastKnownFileType = folder.assetcatalog; path = Assets.xcassets; sourceTree = "<group>"; };
		B159AB841FB3ACB8003BE5A9 /* Base */ = {isa = PBXFileReference; lastKnownFileType = file.storyboard; name = Base; path = Base.lproj/LaunchScreen.storyboard; sourceTree = "<group>"; };
		B159AB861FB3ACB8003BE5A9 /* Info.plist */ = {isa = PBXFileReference; lastKnownFileType = text.plist.xml; path = Info.plist; sourceTree = "<group>"; };
/* End PBXFileReference section */

/* Begin PBXFrameworksBuildPhase section */
		B159AB711FB3ACB8003BE5A9 /* Frameworks */ = {
			isa = PBXFrameworksBuildPhase;
			buildActionMask = 2147483647;
			files = (
			);
			runOnlyForDeploymentPostprocessing = 0;
		};
/* End PBXFrameworksBuildPhase section */

/* Begin PBXGroup section */
		B159AB6B1FB3ACB8003BE5A9 = {
			isa = PBXGroup;
			children = (
				B159AB761FB3ACB8003BE5A9 /* ElectroProject */,
				B159AB751FB3ACB8003BE5A9 /* Products */,
			);
			sourceTree = "<group>";
		};
		B159AB751FB3ACB8003BE5A9 /* Products */ = {
			isa = PBXGroup;
			children = (
				B159AB741FB3ACB8003BE5A9 /* ElectroProject.app */,
			);
			name = Products;
			sourceTree = "<group>";
		};
		B159AB761FB3ACB8003BE5A9 /* ElectroProject */ = {
			isa = PBXGroup;
			children = (
				B159AB771FB3ACB8003BE5A9 /* AppDelegate.swift */,
				B159AB791FB3ACB8003BE5A9 /* ViewController.swift */,
				B159AB7B1FB3ACB8003BE5A9 /* Main.storyboard */,
				B159AB811FB3ACB8003BE5A9 /* Assets.xcassets */,
				B159AB831FB3ACB8003BE5A9 /* LaunchScreen.storyboard */,
				B159AB861FB3ACB8003BE5A9 /* Info.plist */,
				B159AB7E1FB3ACB8003BE5A9 /* ElectroProject.xcdatamodeld */,
			);
			path = ElectroProject;
			sourceTree = "<group>";
		};
/* End PBXGroup section */

/* Begin PBXNativeTarget section */
		B159AB731FB3ACB8003BE5A9 /* ElectroProject */ = {
			isa = PBXNativeTarget;
			buildConfigurationList = B159AB891FB3ACB8003BE5A9 /* Build configuration list for PBXNativeTarget "ElectroProject" */;
			buildPhases = (
				B159AB701FB3ACB8003BE5A9 /* Sources */,
				B159AB711FB3ACB8003BE5A9 /* Frameworks */,
				B159AB721FB3ACB8003BE5A9 /* Resources */,
			);
			buildRules = (
			);
			dependencies = (
			);
			name = ElectroProject;
			productName = ElectroProject;
			productReference = B159AB741FB3ACB8003BE5A9 /* ElectroProject.app */;
			productType = "com.apple.product-type.application";
		};
/* End PBXNativeTarget section */

/* Begin PBXProject section */
		B159AB6C1FB3ACB8003BE5A9 /* Project object */ = {
			isa = PBXProject;
			attributes = {
				LastSwiftUpdateCheck = 0910;
				LastUpgradeCheck = 0910;
				ORGANIZATIONNAME = ESPRIT;
				TargetAttributes = {
					B159AB731FB3ACB8003BE5A9 = {
						CreatedOnToolsVersion = 9.1;
						ProvisioningStyle = Automatic;
					};
				};
			};
			buildConfigurationList = B159AB6F1FB3ACB8003BE5A9 /* Build configuration list for PBXProject "ElectroProject" */;
			compatibilityVersion = "Xcode 8.0";
			developmentRegion = en;
			hasScannedForEncodings = 0;
			knownRegions = (
				en,
				Base,
			);
			mainGroup = B159AB6B1FB3ACB8003BE5A9;
			productRefGroup = B159AB751FB3ACB8003BE5A9 /* Products */;
			projectDirPath = "";
			projectRoot = "";
			targets = (
				B159AB731FB3ACB8003BE5A9 /* ElectroProject */,
			);
		};
/* End PBXProject section */

/* Begin PBXResourcesBuildPhase section */
		B159AB721FB3ACB8003BE5A9 /* Resources */ = {
			isa = PBXResourcesBuildPhase;
			buildActionMask = 2147483647;
			files = (
				B159AB851FB3ACB8003BE5A9 /* LaunchScreen.storyboard in Resources */,
				B159AB821FB3ACB8003BE5A9 /* Assets.xcassets in Resources */,
				B159AB7D1FB3ACB8003BE5A9 /* Main.storyboard in Resources */,
			);
			runOnlyForDeploymentPostprocessing = 0;
		};
/* End PBXResourcesBuildPhase section */

/* Begin PBXSourcesBuildPhase section */
		B159AB701FB3ACB8003BE5A9 /* Sources */ = {
			isa = PBXSourcesBuildPhase;
			buildActionMask = 2147483647;
			files = (
				B159AB7A1FB3ACB8003BE5A9 /* ViewController.swift in Sources */,
				B159AB801FB3ACB8003BE5A9 /* ElectroProject.xcdatamodeld in Sources */,
				B159AB781FB3ACB8003BE5A9 /* AppDelegate.swift in Sources */,
			);
			runOnlyForDeploymentPostprocessing = 0;
		};
/* End PBXSourcesBuildPhase section */

/* Begin PBXVariantGroup section */
		B159AB7B1FB3ACB8003BE5A9 /* Main.storyboard */ = {
			isa = PBXVariantGroup;
			children = (
				B159AB7C1FB3ACB8003BE5A9 /* Base */,
			);
			name = Main.storyboard;
			sourceTree = "<group>";
		};
		B159AB831FB3ACB8003BE5A9 /* LaunchScreen.storyboard */ = {
			isa = PBXVariantGroup;
			children = (
				B159AB841FB3ACB8003BE5A9 /* Base */,
			);
			name = LaunchScreen.storyboard;
			sourceTree = "<group>";
		};
/* End PBXVariantGroup section */

/* Begin XCBuildConfiguration section */
		B159AB871FB3ACB8003BE5A9 /* Debug */ = {
			isa = XCBuildConfiguration;
			buildSettings = {
				ALWAYS_SEARCH_USER_PATHS = NO;
				CLANG_ANALYZER_NONNULL = YES;
				CLANG_ANALYZER_NUMBER_OBJECT_CONVERSION = YES_AGGRESSIVE;
				CLANG_CXX_LANGUAGE_STANDARD = "gnu++14";
				CLANG_CXX_LIBRARY = "libc++";
				CLANG_ENABLE_MODULES = YES;
				CLANG_ENABLE_OBJC_ARC = YES;
				CLANG_WARN_BLOCK_CAPTURE_AUTORELEASING = YES;
				CLANG_WARN_BOOL_CONVERSION = YES;
				CLANG_WARN_COMMA = YES;
				CLANG_WARN_CONSTANT_CONVERSION = YES;
				CLANG_WARN_DIRECT_OBJC_ISA_USAGE = YES_ERROR;
				CLANG_WARN_DOCUMENTATION_COMMENTS = YES;
				CLANG_WARN_EMPTY_BODY = YES;
				CLANG_WARN_ENUM_CONVERSION = YES;
				CLANG_WARN_INFINITE_RECURSION = YES;
				CLANG_WARN_INT_CONVERSION = YES;
				CLANG_WARN_NON_LITERAL_NULL_CONVERSION = YES;
				CLANG_WARN_OBJC_LITERAL_CONVERSION = YES;
				CLANG_WARN_OBJC_ROOT_CLASS = YES_ERROR;
				CLANG_WARN_RANGE_LOOP_ANALYSIS = YES;
				CLANG_WARN_STRICT_PROTOTYPES = YES;
				CLANG_WARN_SUSPICIOUS_MOVE = YES;
				CLANG_WARN_UNGUARDED_AVAILABILITY = YES_AGGRESSIVE;
				CLANG_WARN_UNREACHABLE_CODE = YES;
				CLANG_WARN__DUPLICATE_METHOD_MATCH = YES;
				CODE_SIGN_IDENTITY = "iPhone Developer";
				COPY_PHASE_STRIP = NO;
				DEBUG_INFORMATION_FORMAT = dwarf;
				ENABLE_STRICT_OBJC_MSGSEND = YES;
				ENABLE_TESTABILITY = YES;
				GCC_C_LANGUAGE_STANDARD = gnu11;
				GCC_DYNAMIC_NO_PIC = NO;
				GCC_NO_COMMON_BLOCKS = YES;
				GCC_OPTIMIZATION_LEVEL = 0;
				GCC_PREPROCESSOR_DEFINITIONS = (
					"DEBUG=1",
					"$(inherited)",
				);
				GCC_WARN_64_TO_32_BIT_CONVERSION = YES;
				GCC_WARN_ABOUT_RETURN_TYPE = YES_ERROR;
				GCC_WARN_UNDECLARED_SELECTOR = YES;
				GCC_WARN_UNINITIALIZED_AUTOS = YES_AGGRESSIVE;
				GCC_WARN_UNUSED_FUNCTION = YES;
				GCC_WARN_UNUSED_VARIABLE = YES;
				IPHONEOS_DEPLOYMENT_TARGET = 11.1;
				MTL_ENABLE_DEBUG_INFO = YES;
				ONLY_ACTIVE_ARCH = YES;
				SDKROOT = iphoneos;
				SWIFT_ACTIVE_COMPILATION_CONDITIONS = DEBUG;
				SWIFT_OPTIMIZATION_LEVEL = "-Onone";
			};
			name = Debug;
		};
		B159AB881FB3ACB8003BE5A9 /* Release */ = {
			isa = XCBuildConfiguration;
			buildSettings = {
				ALWAYS_SEARCH_USER_PATHS = NO;
				CLANG_ANALYZER_NONNULL = YES;
				CLANG_ANALYZER_NUMBER_OBJECT_CONVERSION = YES_AGGRESSIVE;
				CLANG_CXX_LANGUAGE_STANDARD = "gnu++14";
				CLANG_CXX_LIBRARY = "libc++";
				CLANG_ENABLE_MODULES = YES;
				CLANG_ENABLE_OBJC_ARC = YES;
				CLANG_WARN_BLOCK_CAPTURE_AUTORELEASING = YES;
				CLANG_WARN_BOOL_CONVERSION = YES;
				CLANG_WARN_COMMA = YES;
				CLANG_WARN_CONSTANT_CONVERSION = YES;
				CLANG_WARN_DIRECT_OBJC_ISA_USAGE = YES_ERROR;
				CLANG_WARN_DOCUMENTATION_COMMENTS = YES;
				CLANG_WARN_EMPTY_BODY = YES;
				CLANG_WARN_ENUM_CONVERSION = YES;
				CLANG_WARN_INFINITE_RECURSION = YES;
				CLANG_WARN_INT_CONVERSION = YES;
				CLANG_WARN_NON_LITERAL_NULL_CONVERSION = YES;
				CLANG_WARN_OBJC_LITERAL_CONVERSION = YES;
				CLANG_WARN_OBJC_ROOT_CLASS = YES_ERROR;
				CLANG_WARN_RANGE_LOOP_ANALYSIS = YES;
				CLANG_WARN_STRICT_PROTOTYPES = YES;
				CLANG_WARN_SUSPICIOUS_MOVE = YES;
				CLANG_WARN_UNGUARDED_AVAILABILITY = YES_AGGRESSIVE;
				CLANG_WARN_UNREACHABLE_CODE = YES;
				CLANG_WARN__DUPLICATE_METHOD_MATCH = YES;
				CODE_SIGN_IDENTITY = "iPhone Developer";
				COPY_PHASE_STRIP = NO;
				DEBUG_INFORMATION_FORMAT = "dwarf-with-dsym";
				ENABLE_NS_ASSERTIONS = NO;
				ENABLE_STRICT_OBJC_MSGSEND = YES;
				GCC_C_LANGUAGE_STANDARD = gnu11;
				GCC_NO_COMMON_BLOCKS = YES;
				GCC_WARN_64_TO_32_BIT_CONVERSION = YES;
				GCC_WARN_ABOUT_RETURN_TYPE = YES_ERROR;
				GCC_WARN_UNDECLARED_SELECTOR = YES;
				GCC_WARN_UNINITIALIZED_AUTOS = YES_AGGRESSIVE;
				GCC_WARN_UNUSED_FUNCTION = YES;
				GCC_WARN_UNUSED_VARIABLE = YES;
				IPHONEOS_DEPLOYMENT_TARGET = 11.1;
				MTL_ENABLE_DEBUG_INFO = NO;
				SDKROOT = iphoneos;
				SWIFT_OPTIMIZATION_LEVEL = "-Owholemodule";
				VALIDATE_PRODUCT = YES;
			};
			name = Release;
		};
		B159AB8A1FB3ACB8003BE5A9 /* Debug */ = {
			isa = XCBuildConfiguration;
			buildSettings = {
				ASSETCATALOG_COMPILER_APPICON_NAME = AppIcon;
				CODE_SIGN_STYLE = Automatic;
				INFOPLIST_FILE = ElectroProject/Info.plist;
				LD_RUNPATH_SEARCH_PATHS = "$(inherited) @executable_path/Frameworks";
				PRODUCT_BUNDLE_IDENTIFIER = com.esprit.ElectroProject;
				PRODUCT_NAME = "$(TARGET_NAME)";
				SWIFT_VERSION = 4.0;
				TARGETED_DEVICE_FAMILY = "1,2";
			};
			name = Debug;
		};
		B159AB8B1FB3ACB8003BE5A9 /* Release */ = {
			isa = XCBuildConfiguration;
			buildSettings = {
				ASSETCATALOG_COMPILER_APPICON_NAME = AppIcon;
				CODE_SIGN_STYLE = Automatic;
				INFOPLIST_FILE = ElectroProject/Info.plist;
				LD_RUNPATH_SEARCH_PATHS = "$(inherited) @executable_path/Frameworks";
				PRODUCT_BUNDLE_IDENTIFIER = com.esprit.ElectroProject;
				PRODUCT_NAME = "$(TARGET_NAME)";
				SWIFT_VERSION = 4.0;
				TARGETED_DEVICE_FAMILY = "1,2";
			};
			name = Release;
		};
/* End XCBuildConfiguration section */

/* Begin XCConfigurationList section */
		B159AB6F1FB3ACB8003BE5A9 /* Build configuration list for PBXProject "ElectroProject" */ = {
			isa = XCConfigurationList;
			buildConfigurations = (
				B159AB871FB3ACB8003BE5A9 /* Debug */,
				B159AB881FB3ACB8003BE5A9 /* Release */,
			);
			defaultConfigurationIsVisible = 0;
			defaultConfigurationName = Release;
		};
		B159AB891FB3ACB8003BE5A9 /* Build configuration list for PBXNativeTarget "ElectroProject" */ = {
			isa = XCConfigurationList;
			buildConfigurations = (
				B159AB8A1FB3ACB8003BE5A9 /* Debug */,
				B159AB8B1FB3ACB8003BE5A9 /* Release */,
			);
			defaultConfigurationIsVisible = 0;
			defaultConfigurationName = Release;
		};
/* End XCConfigurationList section */

/* Begin XCVersionGroup section */
		B159AB7E1FB3ACB8003BE5A9 /* ElectroProject.xcdatamodeld */ = {
			isa = XCVersionGroup;
			children = (
				B159AB7F1FB3ACB8003BE5A9 /* ElectroProject.xcdatamodel */,
			);
			currentVersion = B159AB7F1FB3ACB8003BE5A9 /* ElectroProject.xcdatamodel */;
			path = ElectroProject.xcdatamodeld;
			sourceTree = "<group>";
			versionGroupType = wrapper.xcdatamodel;
		};
/* End XCVersionGroup section */
	};
	rootObject = B159AB6C1FB3ACB8003BE5A9 /* Project object */;
}
