// !$*UTF8*$!
{
	archiveVersion = 1;
	classes = {
	};
	objectVersion = 48;
	objects = {

/* Begin PBXBuildFile section */
		B11EB5982004FC3E008DAB37 /* Dictio.swift in Sources */ = {isa = PBXBuildFile; fileRef = B11EB5972004FC3E008DAB37 /* Dictio.swift */; };
		B11EB59A20050116008DAB37 /* DictioViewController.swift in Sources */ = {isa = PBXBuildFile; fileRef = B11EB59920050116008DAB37 /* DictioViewController.swift */; };
		B11EB59C20055A00008DAB37 /* ListeForumViewController.swift in Sources */ = {isa = PBXBuildFile; fileRef = B11EB59B20055A00008DAB37 /* ListeForumViewController.swift */; };
		B11EB59E2005AE9B008DAB37 /* MapViewController.swift in Sources */ = {isa = PBXBuildFile; fileRef = B11EB59D2005AE9B008DAB37 /* MapViewController.swift */; };
		B1242ACB1FDA110200DEB573 /* EditProfilViewController.swift in Sources */ = {isa = PBXBuildFile; fileRef = B1242ACA1FDA110200DEB573 /* EditProfilViewController.swift */; };
		B125FCD01FD0D19800BEE831 /* Composant.swift in Sources */ = {isa = PBXBuildFile; fileRef = B125FCCF1FD0D19800BEE831 /* Composant.swift */; };
		B125FCD21FD0D8F400BEE831 /* ComposantsViewController.swift in Sources */ = {isa = PBXBuildFile; fileRef = B125FCD11FD0D8F400BEE831 /* ComposantsViewController.swift */; };
		B125FCD41FD0E3A000BEE831 /* DetailsComposantViewController.swift in Sources */ = {isa = PBXBuildFile; fileRef = B125FCD31FD0E3A000BEE831 /* DetailsComposantViewController.swift */; };
		B1273C021FD23DEF00FA8FA7 /* CurrentUser.swift in Sources */ = {isa = PBXBuildFile; fileRef = B1273C011FD23DEF00FA8FA7 /* CurrentUser.swift */; };
		B1293FDF2006DBE300D653D6 /* Résistance.json in Resources */ = {isa = PBXBuildFile; fileRef = B1293FDE2006DBE300D653D6 /* Résistance.json */; };
		B1293FE12006DC4000D653D6 /* Condensateur.json in Resources */ = {isa = PBXBuildFile; fileRef = B1293FE02006DC4000D653D6 /* Condensateur.json */; };
		B1293FE32006DC8400D653D6 /* Tension & Courant.json in Resources */ = {isa = PBXBuildFile; fileRef = B1293FE22006DC8400D653D6 /* Tension & Courant.json */; };
		B1293FE52006DC9B00D653D6 /* Transformateur.json in Resources */ = {isa = PBXBuildFile; fileRef = B1293FE42006DC9B00D653D6 /* Transformateur.json */; };
		B1293FE72006DCB100D653D6 /* Loi d'ohm.json in Resources */ = {isa = PBXBuildFile; fileRef = B1293FE62006DCB100D653D6 /* Loi d'ohm.json */; };
		B1293FF52006DEE900D653D6 /* correct.mp3 in Resources */ = {isa = PBXBuildFile; fileRef = B1293FF42006DEE900D653D6 /* correct.mp3 */; };
		B1293FF72006DEED00D653D6 /* incorrect.wav in Resources */ = {isa = PBXBuildFile; fileRef = B1293FF62006DEED00D653D6 /* incorrect.wav */; };
		B1293FF92006F65D00D653D6 /* SettingsTableViewController.swift in Sources */ = {isa = PBXBuildFile; fileRef = B1293FF82006F65D00D653D6 /* SettingsTableViewController.swift */; };
		B1293FFB2006F6F400D653D6 /* LicensesViewController.swift in Sources */ = {isa = PBXBuildFile; fileRef = B1293FFA2006F6F400D653D6 /* LicensesViewController.swift */; };
		B1295BA11FCF932900AB304B /* ReponseViewController.swift in Sources */ = {isa = PBXBuildFile; fileRef = B1295BA01FCF932900AB304B /* ReponseViewController.swift */; };
		B129A7401FBD384F00DB43BB /* List.swift in Sources */ = {isa = PBXBuildFile; fileRef = B129A73F1FBD384F00DB43BB /* List.swift */; };
		B12FD45C1FE2844100EC1FCC /* HomeQuizViewController.swift in Sources */ = {isa = PBXBuildFile; fileRef = B12FD45B1FE2844100EC1FCC /* HomeQuizViewController.swift */; };
		B12FD45E1FE2845F00EC1FCC /* QuestionsViewController.swift in Sources */ = {isa = PBXBuildFile; fileRef = B12FD45D1FE2845F00EC1FCC /* QuestionsViewController.swift */; };
		B12FD4601FE2849000EC1FCC /* QRScannerViewController.swift in Sources */ = {isa = PBXBuildFile; fileRef = B12FD45F1FE2849000EC1FCC /* QRScannerViewController.swift */; };
		B12FD4621FE284CA00EC1FCC /* QuizzesViewController.swift in Sources */ = {isa = PBXBuildFile; fileRef = B12FD4611FE284CA00EC1FCC /* QuizzesViewController.swift */; };
		B12FD4641FE284EB00EC1FCC /* TopicsViewController.swift in Sources */ = {isa = PBXBuildFile; fileRef = B12FD4631FE284EB00EC1FCC /* TopicsViewController.swift */; };
		B12FD4691FE2896000EC1FCC /* Audio.swift in Sources */ = {isa = PBXBuildFile; fileRef = B12FD4681FE2896000EC1FCC /* Audio.swift */; };
		B12FD46B1FE2897300EC1FCC /* UserDefaultsManager.swift in Sources */ = {isa = PBXBuildFile; fileRef = B12FD46A1FE2897300EC1FCC /* UserDefaultsManager.swift */; };
		B12FD46D1FE289B900EC1FCC /* FeedbackGenerator.swift in Sources */ = {isa = PBXBuildFile; fileRef = B12FD46C1FE289B900EC1FCC /* FeedbackGenerator.swift */; };
		B12FD46F1FE289E000EC1FCC /* Topic.swift in Sources */ = {isa = PBXBuildFile; fileRef = B12FD46E1FE289E000EC1FCC /* Topic.swift */; };
		B12FD4711FE289F900EC1FCC /* VolumeBar.swift in Sources */ = {isa = PBXBuildFile; fileRef = B12FD4701FE289F900EC1FCC /* VolumeBar.swift */; };
		B12FD47B1FE28AD400EC1FCC /* AVAudioPlayer+Extension.swift in Sources */ = {isa = PBXBuildFile; fileRef = B12FD47A1FE28AD400EC1FCC /* AVAudioPlayer+Extension.swift */; };
		B12FD47D1FE28AF000EC1FCC /* Collection+Extension.swift in Sources */ = {isa = PBXBuildFile; fileRef = B12FD47C1FE28AF000EC1FCC /* Collection+Extension.swift */; };
		B12FD47F1FE28B1300EC1FCC /* Colors+Extension.swift in Sources */ = {isa = PBXBuildFile; fileRef = B12FD47E1FE28B1300EC1FCC /* Colors+Extension.swift */; };
		B12FD4811FE28B3400EC1FCC /* String+Extension.swift in Sources */ = {isa = PBXBuildFile; fileRef = B12FD4801FE28B3400EC1FCC /* String+Extension.swift */; };
		B12FD4831FE28B5500EC1FCC /* UIAlertController+Extension.swift in Sources */ = {isa = PBXBuildFile; fileRef = B12FD4821FE28B5500EC1FCC /* UIAlertController+Extension.swift */; };
		B12FD4851FE28B7B00EC1FCC /* UIView+Extension.swift in Sources */ = {isa = PBXBuildFile; fileRef = B12FD4841FE28B7B00EC1FCC /* UIView+Extension.swift */; };
		B12FD4871FE28BDE00EC1FCC /* DataStore.swift in Sources */ = {isa = PBXBuildFile; fileRef = B12FD4861FE28BDE00EC1FCC /* DataStore.swift */; };
		B13657A21FC651E500436201 /* MenuViewController.swift in Sources */ = {isa = PBXBuildFile; fileRef = B13657A11FC651E500436201 /* MenuViewController.swift */; };
		B159AB781FB3ACB8003BE5A9 /* AppDelegate.swift in Sources */ = {isa = PBXBuildFile; fileRef = B159AB771FB3ACB8003BE5A9 /* AppDelegate.swift */; };
		B159AB7A1FB3ACB8003BE5A9 /* ViewController.swift in Sources */ = {isa = PBXBuildFile; fileRef = B159AB791FB3ACB8003BE5A9 /* ViewController.swift */; };
		B159AB7D1FB3ACB8003BE5A9 /* Main.storyboard in Resources */ = {isa = PBXBuildFile; fileRef = B159AB7B1FB3ACB8003BE5A9 /* Main.storyboard */; };
		B159AB801FB3ACB8003BE5A9 /* ElectroProject.xcdatamodeld in Sources */ = {isa = PBXBuildFile; fileRef = B159AB7E1FB3ACB8003BE5A9 /* ElectroProject.xcdatamodeld */; };
		B159AB821FB3ACB8003BE5A9 /* Assets.xcassets in Resources */ = {isa = PBXBuildFile; fileRef = B159AB811FB3ACB8003BE5A9 /* Assets.xcassets */; };
		B159AB851FB3ACB8003BE5A9 /* LaunchScreen.storyboard in Resources */ = {isa = PBXBuildFile; fileRef = B159AB831FB3ACB8003BE5A9 /* LaunchScreen.storyboard */; };
		B19A24EB1FBDEC96006E121D /* AddQuestionViewController.swift in Sources */ = {isa = PBXBuildFile; fileRef = B19A24EA1FBDEC96006E121D /* AddQuestionViewController.swift */; };
		B1A04EFE1FBD2E310053B752 /* ListViewController.swift in Sources */ = {isa = PBXBuildFile; fileRef = B1A04EFD1FBD2E310053B752 /* ListViewController.swift */; };
		B1D8F2991FBA57AC00A07EC4 /* SignUpViewController.swift in Sources */ = {isa = PBXBuildFile; fileRef = B1D8F2981FBA57AC00A07EC4 /* SignUpViewController.swift */; };
		B1E262BE1FD9A11C0046D5C8 /* ProfilController.swift in Sources */ = {isa = PBXBuildFile; fileRef = B1E262BD1FD9A11C0046D5C8 /* ProfilController.swift */; };
		CF6B75D61FD31C9C00E4343F /* Reponse.swift in Sources */ = {isa = PBXBuildFile; fileRef = CF6B75D51FD31C9C00E4343F /* Reponse.swift */; };
		CFEBE9E320080FA100C61E3A /* ComponentsViewController.swift in Sources */ = {isa = PBXBuildFile; fileRef = CFEBE9E220080FA100C61E3A /* ComponentsViewController.swift */; };
		CFEBE9E52008100000C61E3A /* CustomTableViewCell.swift in Sources */ = {isa = PBXBuildFile; fileRef = CFEBE9E42008100000C61E3A /* CustomTableViewCell.swift */; };
		D7B02ABE88DFD3978306BFED /* Pods_ElectroProject.framework in Frameworks */ = {isa = PBXBuildFile; fileRef = BD7247273D9567A482FBF70B /* Pods_ElectroProject.framework */; };
		EA718D9F2008094900758600 /* TabBarController.swift in Sources */ = {isa = PBXBuildFile; fileRef = EA718D9E2008094900758600 /* TabBarController.swift */; };
/* End PBXBuildFile section */

/* Begin PBXFileReference section */
		3571E723EE86C09366B329A0 /* Pods-ElectroProject.debug.xcconfig */ = {isa = PBXFileReference; includeInIndex = 1; lastKnownFileType = text.xcconfig; name = "Pods-ElectroProject.debug.xcconfig"; path = "Pods/Target Support Files/Pods-ElectroProject/Pods-ElectroProject.debug.xcconfig"; sourceTree = "<group>"; };
		9CFB5B04FC214726476D577A /* Pods-ElectroProject.release.xcconfig */ = {isa = PBXFileReference; includeInIndex = 1; lastKnownFileType = text.xcconfig; name = "Pods-ElectroProject.release.xcconfig"; path = "Pods/Target Support Files/Pods-ElectroProject/Pods-ElectroProject.release.xcconfig"; sourceTree = "<group>"; };
		B11EB5972004FC3E008DAB37 /* Dictio.swift */ = {isa = PBXFileReference; lastKnownFileType = sourcecode.swift; path = Dictio.swift; sourceTree = "<group>"; };
		B11EB59920050116008DAB37 /* DictioViewController.swift */ = {isa = PBXFileReference; lastKnownFileType = sourcecode.swift; path = DictioViewController.swift; sourceTree = "<group>"; };
		B11EB59B20055A00008DAB37 /* ListeForumViewController.swift */ = {isa = PBXFileReference; lastKnownFileType = sourcecode.swift; path = ListeForumViewController.swift; sourceTree = "<group>"; };
		B11EB59D2005AE9B008DAB37 /* MapViewController.swift */ = {isa = PBXFileReference; lastKnownFileType = sourcecode.swift; path = MapViewController.swift; sourceTree = "<group>"; };
		B1242ACA1FDA110200DEB573 /* EditProfilViewController.swift */ = {isa = PBXFileReference; lastKnownFileType = sourcecode.swift; path = EditProfilViewController.swift; sourceTree = "<group>"; };
		B125FCCF1FD0D19800BEE831 /* Composant.swift */ = {isa = PBXFileReference; lastKnownFileType = sourcecode.swift; path = Composant.swift; sourceTree = "<group>"; };
		B125FCD11FD0D8F400BEE831 /* ComposantsViewController.swift */ = {isa = PBXFileReference; lastKnownFileType = sourcecode.swift; path = ComposantsViewController.swift; sourceTree = "<group>"; };
		B125FCD31FD0E3A000BEE831 /* DetailsComposantViewController.swift */ = {isa = PBXFileReference; lastKnownFileType = sourcecode.swift; path = DetailsComposantViewController.swift; sourceTree = "<group>"; };
		B1273C011FD23DEF00FA8FA7 /* CurrentUser.swift */ = {isa = PBXFileReference; lastKnownFileType = sourcecode.swift; path = CurrentUser.swift; sourceTree = "<group>"; };
		B1293FDE2006DBE300D653D6 /* Résistance.json */ = {isa = PBXFileReference; lastKnownFileType = text.json; path = "Résistance.json"; sourceTree = "<group>"; };
		B1293FE02006DC4000D653D6 /* Condensateur.json */ = {isa = PBXFileReference; lastKnownFileType = text.json; path = Condensateur.json; sourceTree = "<group>"; };
		B1293FE22006DC8400D653D6 /* Tension & Courant.json */ = {isa = PBXFileReference; lastKnownFileType = text.json; path = "Tension & Courant.json"; sourceTree = "<group>"; };
		B1293FE42006DC9B00D653D6 /* Transformateur.json */ = {isa = PBXFileReference; lastKnownFileType = text.json; path = Transformateur.json; sourceTree = "<group>"; };
		B1293FE62006DCB100D653D6 /* Loi d'ohm.json */ = {isa = PBXFileReference; lastKnownFileType = text.json; path = "Loi d'ohm.json"; sourceTree = "<group>"; };
		B1293FF42006DEE900D653D6 /* correct.mp3 */ = {isa = PBXFileReference; lastKnownFileType = audio.mp3; path = correct.mp3; sourceTree = "<group>"; };
		B1293FF62006DEED00D653D6 /* incorrect.wav */ = {isa = PBXFileReference; lastKnownFileType = audio.wav; path = incorrect.wav; sourceTree = "<group>"; };
		B1293FF82006F65D00D653D6 /* SettingsTableViewController.swift */ = {isa = PBXFileReference; lastKnownFileType = sourcecode.swift; path = SettingsTableViewController.swift; sourceTree = "<group>"; };
		B1293FFA2006F6F400D653D6 /* LicensesViewController.swift */ = {isa = PBXFileReference; lastKnownFileType = sourcecode.swift; path = LicensesViewController.swift; sourceTree = "<group>"; };
		B1295BA01FCF932900AB304B /* ReponseViewController.swift */ = {isa = PBXFileReference; lastKnownFileType = sourcecode.swift; path = ReponseViewController.swift; sourceTree = "<group>"; };
		B129A73F1FBD384F00DB43BB /* List.swift */ = {isa = PBXFileReference; lastKnownFileType = sourcecode.swift; path = List.swift; sourceTree = "<group>"; };
		B12FD45B1FE2844100EC1FCC /* HomeQuizViewController.swift */ = {isa = PBXFileReference; lastKnownFileType = sourcecode.swift; path = HomeQuizViewController.swift; sourceTree = "<group>"; };
		B12FD45D1FE2845F00EC1FCC /* QuestionsViewController.swift */ = {isa = PBXFileReference; lastKnownFileType = sourcecode.swift; path = QuestionsViewController.swift; sourceTree = "<group>"; };
		B12FD45F1FE2849000EC1FCC /* QRScannerViewController.swift */ = {isa = PBXFileReference; lastKnownFileType = sourcecode.swift; path = QRScannerViewController.swift; sourceTree = "<group>"; };
		B12FD4611FE284CA00EC1FCC /* QuizzesViewController.swift */ = {isa = PBXFileReference; lastKnownFileType = sourcecode.swift; path = QuizzesViewController.swift; sourceTree = "<group>"; };
		B12FD4631FE284EB00EC1FCC /* TopicsViewController.swift */ = {isa = PBXFileReference; lastKnownFileType = sourcecode.swift; path = TopicsViewController.swift; sourceTree = "<group>"; };
		B12FD4681FE2896000EC1FCC /* Audio.swift */ = {isa = PBXFileReference; lastKnownFileType = sourcecode.swift; path = Audio.swift; sourceTree = "<group>"; };
		B12FD46A1FE2897300EC1FCC /* UserDefaultsManager.swift */ = {isa = PBXFileReference; lastKnownFileType = sourcecode.swift; path = UserDefaultsManager.swift; sourceTree = "<group>"; };
		B12FD46C1FE289B900EC1FCC /* FeedbackGenerator.swift */ = {isa = PBXFileReference; lastKnownFileType = sourcecode.swift; path = FeedbackGenerator.swift; sourceTree = "<group>"; };
		B12FD46E1FE289E000EC1FCC /* Topic.swift */ = {isa = PBXFileReference; lastKnownFileType = sourcecode.swift; path = Topic.swift; sourceTree = "<group>"; };
		B12FD4701FE289F900EC1FCC /* VolumeBar.swift */ = {isa = PBXFileReference; lastKnownFileType = sourcecode.swift; path = VolumeBar.swift; sourceTree = "<group>"; };
		B12FD47A1FE28AD400EC1FCC /* AVAudioPlayer+Extension.swift */ = {isa = PBXFileReference; lastKnownFileType = sourcecode.swift; path = "AVAudioPlayer+Extension.swift"; sourceTree = "<group>"; };
		B12FD47C1FE28AF000EC1FCC /* Collection+Extension.swift */ = {isa = PBXFileReference; lastKnownFileType = sourcecode.swift; path = "Collection+Extension.swift"; sourceTree = "<group>"; };
		B12FD47E1FE28B1300EC1FCC /* Colors+Extension.swift */ = {isa = PBXFileReference; lastKnownFileType = sourcecode.swift; path = "Colors+Extension.swift"; sourceTree = "<group>"; };
		B12FD4801FE28B3400EC1FCC /* String+Extension.swift */ = {isa = PBXFileReference; lastKnownFileType = sourcecode.swift; path = "String+Extension.swift"; sourceTree = "<group>"; };
		B12FD4821FE28B5500EC1FCC /* UIAlertController+Extension.swift */ = {isa = PBXFileReference; lastKnownFileType = sourcecode.swift; path = "UIAlertController+Extension.swift"; sourceTree = "<group>"; };
		B12FD4841FE28B7B00EC1FCC /* UIView+Extension.swift */ = {isa = PBXFileReference; lastKnownFileType = sourcecode.swift; path = "UIView+Extension.swift"; sourceTree = "<group>"; };
		B12FD4861FE28BDE00EC1FCC /* DataStore.swift */ = {isa = PBXFileReference; lastKnownFileType = sourcecode.swift; path = DataStore.swift; sourceTree = "<group>"; };
		B13657A11FC651E500436201 /* MenuViewController.swift */ = {isa = PBXFileReference; lastKnownFileType = sourcecode.swift; path = MenuViewController.swift; sourceTree = "<group>"; };
		B159AB741FB3ACB8003BE5A9 /* Treasity.app */ = {isa = PBXFileReference; explicitFileType = wrapper.application; includeInIndex = 0; path = Treasity.app; sourceTree = BUILT_PRODUCTS_DIR; };
		B159AB771FB3ACB8003BE5A9 /* AppDelegate.swift */ = {isa = PBXFileReference; lastKnownFileType = sourcecode.swift; path = AppDelegate.swift; sourceTree = "<group>"; };
		B159AB791FB3ACB8003BE5A9 /* ViewController.swift */ = {isa = PBXFileReference; lastKnownFileType = sourcecode.swift; path = ViewController.swift; sourceTree = "<group>"; };
		B159AB7C1FB3ACB8003BE5A9 /* Base */ = {isa = PBXFileReference; lastKnownFileType = file.storyboard; name = Base; path = Base.lproj/Main.storyboard; sourceTree = "<group>"; };
		B159AB7F1FB3ACB8003BE5A9 /* ElectroProject.xcdatamodel */ = {isa = PBXFileReference; lastKnownFileType = wrapper.xcdatamodel; path = ElectroProject.xcdatamodel; sourceTree = "<group>"; };
		B159AB811FB3ACB8003BE5A9 /* Assets.xcassets */ = {isa = PBXFileReference; lastKnownFileType = folder.assetcatalog; path = Assets.xcassets; sourceTree = "<group>"; };
		B159AB841FB3ACB8003BE5A9 /* Base */ = {isa = PBXFileReference; lastKnownFileType = file.storyboard; name = Base; path = Base.lproj/LaunchScreen.storyboard; sourceTree = "<group>"; };
		B159AB861FB3ACB8003BE5A9 /* Info.plist */ = {isa = PBXFileReference; lastKnownFileType = text.plist.xml; path = Info.plist; sourceTree = "<group>"; };
		B19A24EA1FBDEC96006E121D /* AddQuestionViewController.swift */ = {isa = PBXFileReference; lastKnownFileType = sourcecode.swift; path = AddQuestionViewController.swift; sourceTree = "<group>"; };
		B1A04EFD1FBD2E310053B752 /* ListViewController.swift */ = {isa = PBXFileReference; lastKnownFileType = sourcecode.swift; path = ListViewController.swift; sourceTree = "<group>"; };
		B1D8F2981FBA57AC00A07EC4 /* SignUpViewController.swift */ = {isa = PBXFileReference; lastKnownFileType = sourcecode.swift; path = SignUpViewController.swift; sourceTree = "<group>"; };
		B1E262BD1FD9A11C0046D5C8 /* ProfilController.swift */ = {isa = PBXFileReference; lastKnownFileType = sourcecode.swift; path = ProfilController.swift; sourceTree = "<group>"; };
		BD7247273D9567A482FBF70B /* Pods_ElectroProject.framework */ = {isa = PBXFileReference; explicitFileType = wrapper.framework; includeInIndex = 0; path = Pods_ElectroProject.framework; sourceTree = BUILT_PRODUCTS_DIR; };
		CF6B75D51FD31C9C00E4343F /* Reponse.swift */ = {isa = PBXFileReference; lastKnownFileType = sourcecode.swift; path = Reponse.swift; sourceTree = "<group>"; };
		CFEBE9E220080FA100C61E3A /* ComponentsViewController.swift */ = {isa = PBXFileReference; lastKnownFileType = sourcecode.swift; path = ComponentsViewController.swift; sourceTree = "<group>"; };
		CFEBE9E42008100000C61E3A /* CustomTableViewCell.swift */ = {isa = PBXFileReference; lastKnownFileType = sourcecode.swift; path = CustomTableViewCell.swift; sourceTree = "<group>"; };
		EA718D9E2008094900758600 /* TabBarController.swift */ = {isa = PBXFileReference; lastKnownFileType = sourcecode.swift; path = TabBarController.swift; sourceTree = "<group>"; };
/* End PBXFileReference section */

/* Begin PBXFrameworksBuildPhase section */
		B159AB711FB3ACB8003BE5A9 /* Frameworks */ = {
			isa = PBXFrameworksBuildPhase;
			buildActionMask = 2147483647;
			files = (
				D7B02ABE88DFD3978306BFED /* Pods_ElectroProject.framework in Frameworks */,
			);
			runOnlyForDeploymentPostprocessing = 0;
		};
/* End PBXFrameworksBuildPhase section */

/* Begin PBXGroup section */
		59B98289F564FF3009D915E4 /* Pods */ = {
			isa = PBXGroup;
			children = (
				3571E723EE86C09366B329A0 /* Pods-ElectroProject.debug.xcconfig */,
				9CFB5B04FC214726476D577A /* Pods-ElectroProject.release.xcconfig */,
			);
			name = Pods;
			sourceTree = "<group>";
		};
		B1293FF12006DED200D653D6 /* Sounds */ = {
			isa = PBXGroup;
			children = (
				B1293FF42006DEE900D653D6 /* correct.mp3 */,
				B1293FF62006DEED00D653D6 /* incorrect.wav */,
			);
			path = Sounds;
			sourceTree = "<group>";
		};
		B12FD45A1FE2842C00EC1FCC /* Controllers */ = {
			isa = PBXGroup;
			children = (
				B12FD45B1FE2844100EC1FCC /* HomeQuizViewController.swift */,
				B12FD45D1FE2845F00EC1FCC /* QuestionsViewController.swift */,
				B12FD45F1FE2849000EC1FCC /* QRScannerViewController.swift */,
				B12FD4611FE284CA00EC1FCC /* QuizzesViewController.swift */,
				B12FD4631FE284EB00EC1FCC /* TopicsViewController.swift */,
				B1293FF82006F65D00D653D6 /* SettingsTableViewController.swift */,
				B1293FFA2006F6F400D653D6 /* LicensesViewController.swift */,
			);
			path = Controllers;
			sourceTree = "<group>";
		};
		B12FD4671FE2894500EC1FCC /* Models */ = {
			isa = PBXGroup;
			children = (
				B12FD4681FE2896000EC1FCC /* Audio.swift */,
				B12FD46A1FE2897300EC1FCC /* UserDefaultsManager.swift */,
				B12FD46C1FE289B900EC1FCC /* FeedbackGenerator.swift */,
				B12FD46E1FE289E000EC1FCC /* Topic.swift */,
				B12FD4701FE289F900EC1FCC /* VolumeBar.swift */,
				B12FD4861FE28BDE00EC1FCC /* DataStore.swift */,
			);
			name = Models;
			path = "New Group";
			sourceTree = "<group>";
		};
		B12FD4721FE28A5200EC1FCC /* Images */ = {
			isa = PBXGroup;
			children = (
			);
			name = Images;
			path = "New Group1";
			sourceTree = "<group>";
		};
		B12FD4731FE28A9100EC1FCC /* Questions */ = {
			isa = PBXGroup;
			children = (
				B1293FDE2006DBE300D653D6 /* Résistance.json */,
				B1293FE02006DC4000D653D6 /* Condensateur.json */,
				B1293FE22006DC8400D653D6 /* Tension & Courant.json */,
				B1293FE42006DC9B00D653D6 /* Transformateur.json */,
				B1293FE62006DCB100D653D6 /* Loi d'ohm.json */,
			);
			path = Questions;
			sourceTree = "<group>";
		};
		B12FD4791FE28AB100EC1FCC /* Extensions */ = {
			isa = PBXGroup;
			children = (
				B12FD47A1FE28AD400EC1FCC /* AVAudioPlayer+Extension.swift */,
				B12FD47C1FE28AF000EC1FCC /* Collection+Extension.swift */,
				B12FD47E1FE28B1300EC1FCC /* Colors+Extension.swift */,
				B12FD4801FE28B3400EC1FCC /* String+Extension.swift */,
				B12FD4821FE28B5500EC1FCC /* UIAlertController+Extension.swift */,
				B12FD4841FE28B7B00EC1FCC /* UIView+Extension.swift */,
			);
			name = Extensions;
			path = Extensions2;
			sourceTree = "<group>";
		};
		B159AB6B1FB3ACB8003BE5A9 = {
			isa = PBXGroup;
			children = (
				B159AB761FB3ACB8003BE5A9 /* ElectroProject */,
				B159AB751FB3ACB8003BE5A9 /* Products */,
				59B98289F564FF3009D915E4 /* Pods */,
				FACD5E0EA2555F99E6712CE6 /* Frameworks */,
			);
			sourceTree = "<group>";
		};
		B159AB751FB3ACB8003BE5A9 /* Products */ = {
			isa = PBXGroup;
			children = (
				B159AB741FB3ACB8003BE5A9 /* Treasity.app */,
			);
			name = Products;
			sourceTree = "<group>";
		};
		B159AB761FB3ACB8003BE5A9 /* ElectroProject */ = {
			isa = PBXGroup;
			children = (
				B1293FF12006DED200D653D6 /* Sounds */,
				B12FD4791FE28AB100EC1FCC /* Extensions */,
				B12FD4731FE28A9100EC1FCC /* Questions */,
				B12FD4671FE2894500EC1FCC /* Models */,
				B12FD45A1FE2842C00EC1FCC /* Controllers */,
				B12FD4721FE28A5200EC1FCC /* Images */,
				B159AB771FB3ACB8003BE5A9 /* AppDelegate.swift */,
				B159AB7B1FB3ACB8003BE5A9 /* Main.storyboard */,
				B159AB811FB3ACB8003BE5A9 /* Assets.xcassets */,
				B159AB831FB3ACB8003BE5A9 /* LaunchScreen.storyboard */,
				B159AB861FB3ACB8003BE5A9 /* Info.plist */,
				B159AB7E1FB3ACB8003BE5A9 /* ElectroProject.xcdatamodeld */,
				B159AB791FB3ACB8003BE5A9 /* ViewController.swift */,
				B1D8F2981FBA57AC00A07EC4 /* SignUpViewController.swift */,
				B1A04EFD1FBD2E310053B752 /* ListViewController.swift */,
				B19A24EA1FBDEC96006E121D /* AddQuestionViewController.swift */,
				B13657A11FC651E500436201 /* MenuViewController.swift */,
				B1295BA01FCF932900AB304B /* ReponseViewController.swift */,
				B125FCD31FD0E3A000BEE831 /* DetailsComposantViewController.swift */,
				B1273C011FD23DEF00FA8FA7 /* CurrentUser.swift */,
				B1E262BD1FD9A11C0046D5C8 /* ProfilController.swift */,
				B1242ACA1FDA110200DEB573 /* EditProfilViewController.swift */,
				B125FCD11FD0D8F400BEE831 /* ComposantsViewController.swift */,
				B11EB59920050116008DAB37 /* DictioViewController.swift */,
				CF6B75D51FD31C9C00E4343F /* Reponse.swift */,
				B129A73F1FBD384F00DB43BB /* List.swift */,
				B11EB5972004FC3E008DAB37 /* Dictio.swift */,
				B125FCCF1FD0D19800BEE831 /* Composant.swift */,
				CFEBE9E220080FA100C61E3A /* ComponentsViewController.swift */,
				B11EB59B20055A00008DAB37 /* ListeForumViewController.swift */,
				B11EB59D2005AE9B008DAB37 /* MapViewController.swift */,
				EA718D9E2008094900758600 /* TabBarController.swift */,
				CFEBE9E42008100000C61E3A /* CustomTableViewCell.swift */,
			);
			path = ElectroProject;
			sourceTree = "<group>";
		};
		FACD5E0EA2555F99E6712CE6 /* Frameworks */ = {
			isa = PBXGroup;
			children = (
				BD7247273D9567A482FBF70B /* Pods_ElectroProject.framework */,
			);
			name = Frameworks;
			sourceTree = "<group>";
		};
/* End PBXGroup section */

/* Begin PBXNativeTarget section */
		B159AB731FB3ACB8003BE5A9 /* ElectroProject */ = {
			isa = PBXNativeTarget;
			buildConfigurationList = B159AB891FB3ACB8003BE5A9 /* Build configuration list for PBXNativeTarget "ElectroProject" */;
			buildPhases = (
				3B5AE2E6DA31E199F1842984 /* [CP] Check Pods Manifest.lock */,
				B159AB701FB3ACB8003BE5A9 /* Sources */,
				B159AB711FB3ACB8003BE5A9 /* Frameworks */,
				B159AB721FB3ACB8003BE5A9 /* Resources */,
				B98EE96BBE5E7E4C4FF4776D /* [CP] Embed Pods Frameworks */,
				BFBFFB1A24FC578466452E1B /* [CP] Copy Pods Resources */,
			);
			buildRules = (
			);
			dependencies = (
			);
			name = ElectroProject;
			productName = ElectroProject;
			productReference = B159AB741FB3ACB8003BE5A9 /* Treasity.app */;
			productType = "com.apple.product-type.application";
		};
/* End PBXNativeTarget section */

/* Begin PBXProject section */
		B159AB6C1FB3ACB8003BE5A9 /* Project object */ = {
			isa = PBXProject;
			attributes = {
				LastSwiftUpdateCheck = 0910;
				LastUpgradeCheck = 0910;
				ORGANIZATIONNAME = ESPRIT;
				TargetAttributes = {
					B159AB731FB3ACB8003BE5A9 = {
						CreatedOnToolsVersion = 9.1;
						ProvisioningStyle = Automatic;
					};
				};
			};
			buildConfigurationList = B159AB6F1FB3ACB8003BE5A9 /* Build configuration list for PBXProject "ElectroProject" */;
			compatibilityVersion = "Xcode 8.0";
			developmentRegion = en;
			hasScannedForEncodings = 0;
			knownRegions = (
				en,
				Base,
			);
			mainGroup = B159AB6B1FB3ACB8003BE5A9;
			productRefGroup = B159AB751FB3ACB8003BE5A9 /* Products */;
			projectDirPath = "";
			projectRoot = "";
			targets = (
				B159AB731FB3ACB8003BE5A9 /* ElectroProject */,
			);
		};
/* End PBXProject section */

/* Begin PBXResourcesBuildPhase section */
		B159AB721FB3ACB8003BE5A9 /* Resources */ = {
			isa = PBXResourcesBuildPhase;
			buildActionMask = 2147483647;
			files = (
				B1293FE52006DC9B00D653D6 /* Transformateur.json in Resources */,
				B159AB851FB3ACB8003BE5A9 /* LaunchScreen.storyboard in Resources */,
				B159AB821FB3ACB8003BE5A9 /* Assets.xcassets in Resources */,
				B1293FDF2006DBE300D653D6 /* Résistance.json in Resources */,
				B1293FE32006DC8400D653D6 /* Tension & Courant.json in Resources */,
				B159AB7D1FB3ACB8003BE5A9 /* Main.storyboard in Resources */,
				B1293FE72006DCB100D653D6 /* Loi d'ohm.json in Resources */,
				B1293FF52006DEE900D653D6 /* correct.mp3 in Resources */,
				B1293FF72006DEED00D653D6 /* incorrect.wav in Resources */,
				B1293FE12006DC4000D653D6 /* Condensateur.json in Resources */,
			);
			runOnlyForDeploymentPostprocessing = 0;
		};
/* End PBXResourcesBuildPhase section */

/* Begin PBXShellScriptBuildPhase section */
		3B5AE2E6DA31E199F1842984 /* [CP] Check Pods Manifest.lock */ = {
			isa = PBXShellScriptBuildPhase;
			buildActionMask = 2147483647;
			files = (
			);
			inputPaths = (
				"${PODS_PODFILE_DIR_PATH}/Podfile.lock",
				"${PODS_ROOT}/Manifest.lock",
			);
			name = "[CP] Check Pods Manifest.lock";
			outputPaths = (
				"$(DERIVED_FILE_DIR)/Pods-ElectroProject-checkManifestLockResult.txt",
			);
			runOnlyForDeploymentPostprocessing = 0;
			shellPath = /bin/sh;
			shellScript = "diff \"${PODS_PODFILE_DIR_PATH}/Podfile.lock\" \"${PODS_ROOT}/Manifest.lock\" > /dev/null\nif [ $? != 0 ] ; then\n    # print error to STDERR\n    echo \"error: The sandbox is not in sync with the Podfile.lock. Run 'pod install' or update your CocoaPods installation.\" >&2\n    exit 1\nfi\n# This output is used by Xcode 'outputs' to avoid re-running this script phase.\necho \"SUCCESS\" > \"${SCRIPT_OUTPUT_FILE_0}\"\n";
			showEnvVarsInLog = 0;
		};
		B98EE96BBE5E7E4C4FF4776D /* [CP] Embed Pods Frameworks */ = {
			isa = PBXShellScriptBuildPhase;
			buildActionMask = 2147483647;
			files = (
			);
			inputPaths = (
				"${SRCROOT}/Pods/Target Support Files/Pods-ElectroProject/Pods-ElectroProject-frameworks.sh",
				"${BUILT_PRODUCTS_DIR}/Alamofire/Alamofire.framework",
			);
			name = "[CP] Embed Pods Frameworks";
			outputPaths = (
				"${TARGET_BUILD_DIR}/${FRAMEWORKS_FOLDER_PATH}/Alamofire.framework",
			);
			runOnlyForDeploymentPostprocessing = 0;
			shellPath = /bin/sh;
			shellScript = "\"${SRCROOT}/Pods/Target Support Files/Pods-ElectroProject/Pods-ElectroProject-frameworks.sh\"\n";
			showEnvVarsInLog = 0;
		};
		BFBFFB1A24FC578466452E1B /* [CP] Copy Pods Resources */ = {
			isa = PBXShellScriptBuildPhase;
			buildActionMask = 2147483647;
			files = (
			);
			inputPaths = (
				"${SRCROOT}/Pods/Target Support Files/Pods-ElectroProject/Pods-ElectroProject-resources.sh",
				"${PODS_ROOT}/GoogleMaps/Maps/Frameworks/GoogleMaps.framework/Resources/GoogleMaps.bundle",
			);
			name = "[CP] Copy Pods Resources";
			outputPaths = (
				"${TARGET_BUILD_DIR}/${UNLOCALIZED_RESOURCES_FOLDER_PATH}",
			);
			runOnlyForDeploymentPostprocessing = 0;
			shellPath = /bin/sh;
			shellScript = "\"${SRCROOT}/Pods/Target Support Files/Pods-ElectroProject/Pods-ElectroProject-resources.sh\"\n";
			showEnvVarsInLog = 0;
		};
/* End PBXShellScriptBuildPhase section */

/* Begin PBXSourcesBuildPhase section */
		B159AB701FB3ACB8003BE5A9 /* Sources */ = {
			isa = PBXSourcesBuildPhase;
			buildActionMask = 2147483647;
			files = (
				B125FCD41FD0E3A000BEE831 /* DetailsComposantViewController.swift in Sources */,
				B12FD47D1FE28AF000EC1FCC /* Collection+Extension.swift in Sources */,
				B125FCD01FD0D19800BEE831 /* Composant.swift in Sources */,
				B12FD4691FE2896000EC1FCC /* Audio.swift in Sources */,
				B12FD4871FE28BDE00EC1FCC /* DataStore.swift in Sources */,
				B159AB7A1FB3ACB8003BE5A9 /* ViewController.swift in Sources */,
				B1293FFB2006F6F400D653D6 /* LicensesViewController.swift in Sources */,
				B159AB801FB3ACB8003BE5A9 /* ElectroProject.xcdatamodeld in Sources */,
				B11EB59A20050116008DAB37 /* DictioViewController.swift in Sources */,
				B12FD4621FE284CA00EC1FCC /* QuizzesViewController.swift in Sources */,
				B11EB5982004FC3E008DAB37 /* Dictio.swift in Sources */,
				B12FD4831FE28B5500EC1FCC /* UIAlertController+Extension.swift in Sources */,
				CFEBE9E320080FA100C61E3A /* ComponentsViewController.swift in Sources */,
				B12FD47B1FE28AD400EC1FCC /* AVAudioPlayer+Extension.swift in Sources */,
				B12FD46F1FE289E000EC1FCC /* Topic.swift in Sources */,
				B12FD4711FE289F900EC1FCC /* VolumeBar.swift in Sources */,
				B12FD46D1FE289B900EC1FCC /* FeedbackGenerator.swift in Sources */,
				B12FD4601FE2849000EC1FCC /* QRScannerViewController.swift in Sources */,
				B1293FF92006F65D00D653D6 /* SettingsTableViewController.swift in Sources */,
				B12FD46B1FE2897300EC1FCC /* UserDefaultsManager.swift in Sources */,
				B1295BA11FCF932900AB304B /* ReponseViewController.swift in Sources */,
				B11EB59C20055A00008DAB37 /* ListeForumViewController.swift in Sources */,
				B1D8F2991FBA57AC00A07EC4 /* SignUpViewController.swift in Sources */,
				EA718D9F2008094900758600 /* TabBarController.swift in Sources */,
				CFEBE9E52008100000C61E3A /* CustomTableViewCell.swift in Sources */,
				B1A04EFE1FBD2E310053B752 /* ListViewController.swift in Sources */,
				B12FD47F1FE28B1300EC1FCC /* Colors+Extension.swift in Sources */,
				B12FD4851FE28B7B00EC1FCC /* UIView+Extension.swift in Sources */,
				B159AB781FB3ACB8003BE5A9 /* AppDelegate.swift in Sources */,
				CF6B75D61FD31C9C00E4343F /* Reponse.swift in Sources */,
				B19A24EB1FBDEC96006E121D /* AddQuestionViewController.swift in Sources */,
				B1242ACB1FDA110200DEB573 /* EditProfilViewController.swift in Sources */,
				B11EB59E2005AE9B008DAB37 /* MapViewController.swift in Sources */,
				B1E262BE1FD9A11C0046D5C8 /* ProfilController.swift in Sources */,
				B12FD4641FE284EB00EC1FCC /* TopicsViewController.swift in Sources */,
				B129A7401FBD384F00DB43BB /* List.swift in Sources */,
				B12FD45C1FE2844100EC1FCC /* HomeQuizViewController.swift in Sources */,
				B12FD45E1FE2845F00EC1FCC /* QuestionsViewController.swift in Sources */,
				B13657A21FC651E500436201 /* MenuViewController.swift in Sources */,
				B125FCD21FD0D8F400BEE831 /* ComposantsViewController.swift in Sources */,
				B12FD4811FE28B3400EC1FCC /* String+Extension.swift in Sources */,
				B1273C021FD23DEF00FA8FA7 /* CurrentUser.swift in Sources */,
			);
			runOnlyForDeploymentPostprocessing = 0;
		};
/* End PBXSourcesBuildPhase section */

/* Begin PBXVariantGroup section */
		B159AB7B1FB3ACB8003BE5A9 /* Main.storyboard */ = {
			isa = PBXVariantGroup;
			children = (
				B159AB7C1FB3ACB8003BE5A9 /* Base */,
			);
			name = Main.storyboard;
			sourceTree = "<group>";
		};
		B159AB831FB3ACB8003BE5A9 /* LaunchScreen.storyboard */ = {
			isa = PBXVariantGroup;
			children = (
				B159AB841FB3ACB8003BE5A9 /* Base */,
			);
			name = LaunchScreen.storyboard;
			sourceTree = "<group>";
		};
/* End PBXVariantGroup section */

/* Begin XCBuildConfiguration section */
		B159AB871FB3ACB8003BE5A9 /* Debug */ = {
			isa = XCBuildConfiguration;
			buildSettings = {
				ALWAYS_SEARCH_USER_PATHS = NO;
				CLANG_ANALYZER_NONNULL = YES;
				CLANG_ANALYZER_NUMBER_OBJECT_CONVERSION = YES_AGGRESSIVE;
				CLANG_CXX_LANGUAGE_STANDARD = "gnu++14";
				CLANG_CXX_LIBRARY = "libc++";
				CLANG_ENABLE_MODULES = YES;
				CLANG_ENABLE_OBJC_ARC = YES;
				CLANG_WARN_BLOCK_CAPTURE_AUTORELEASING = YES;
				CLANG_WARN_BOOL_CONVERSION = YES;
				CLANG_WARN_COMMA = YES;
				CLANG_WARN_CONSTANT_CONVERSION = YES;
				CLANG_WARN_DIRECT_OBJC_ISA_USAGE = YES_ERROR;
				CLANG_WARN_DOCUMENTATION_COMMENTS = YES;
				CLANG_WARN_EMPTY_BODY = YES;
				CLANG_WARN_ENUM_CONVERSION = YES;
				CLANG_WARN_INFINITE_RECURSION = YES;
				CLANG_WARN_INT_CONVERSION = YES;
				CLANG_WARN_NON_LITERAL_NULL_CONVERSION = YES;
				CLANG_WARN_OBJC_LITERAL_CONVERSION = YES;
				CLANG_WARN_OBJC_ROOT_CLASS = YES_ERROR;
				CLANG_WARN_RANGE_LOOP_ANALYSIS = YES;
				CLANG_WARN_STRICT_PROTOTYPES = YES;
				CLANG_WARN_SUSPICIOUS_MOVE = YES;
				CLANG_WARN_UNGUARDED_AVAILABILITY = YES_AGGRESSIVE;
				CLANG_WARN_UNREACHABLE_CODE = YES;
				CLANG_WARN__DUPLICATE_METHOD_MATCH = YES;
				CODE_SIGN_IDENTITY = "iPhone Developer";
				COPY_PHASE_STRIP = NO;
				DEBUG_INFORMATION_FORMAT = dwarf;
				ENABLE_STRICT_OBJC_MSGSEND = YES;
				ENABLE_TESTABILITY = YES;
				GCC_C_LANGUAGE_STANDARD = gnu11;
				GCC_DYNAMIC_NO_PIC = NO;
				GCC_NO_COMMON_BLOCKS = YES;
				GCC_OPTIMIZATION_LEVEL = 0;
				GCC_PREPROCESSOR_DEFINITIONS = (
					"DEBUG=1",
					"$(inherited)",
				);
				GCC_WARN_64_TO_32_BIT_CONVERSION = YES;
				GCC_WARN_ABOUT_RETURN_TYPE = YES_ERROR;
				GCC_WARN_UNDECLARED_SELECTOR = YES;
				GCC_WARN_UNINITIALIZED_AUTOS = YES_AGGRESSIVE;
				GCC_WARN_UNUSED_FUNCTION = YES;
				GCC_WARN_UNUSED_VARIABLE = YES;
				IPHONEOS_DEPLOYMENT_TARGET = 11.1;
				MTL_ENABLE_DEBUG_INFO = YES;
				ONLY_ACTIVE_ARCH = YES;
				SDKROOT = iphoneos;
				SWIFT_ACTIVE_COMPILATION_CONDITIONS = DEBUG;
				SWIFT_OPTIMIZATION_LEVEL = "-Onone";
			};
			name = Debug;
		};
		B159AB881FB3ACB8003BE5A9 /* Release */ = {
			isa = XCBuildConfiguration;
			buildSettings = {
				ALWAYS_SEARCH_USER_PATHS = NO;
				CLANG_ANALYZER_NONNULL = YES;
				CLANG_ANALYZER_NUMBER_OBJECT_CONVERSION = YES_AGGRESSIVE;
				CLANG_CXX_LANGUAGE_STANDARD = "gnu++14";
				CLANG_CXX_LIBRARY = "libc++";
				CLANG_ENABLE_MODULES = YES;
				CLANG_ENABLE_OBJC_ARC = YES;
				CLANG_WARN_BLOCK_CAPTURE_AUTORELEASING = YES;
				CLANG_WARN_BOOL_CONVERSION = YES;
				CLANG_WARN_COMMA = YES;
				CLANG_WARN_CONSTANT_CONVERSION = YES;
				CLANG_WARN_DIRECT_OBJC_ISA_USAGE = YES_ERROR;
				CLANG_WARN_DOCUMENTATION_COMMENTS = YES;
				CLANG_WARN_EMPTY_BODY = YES;
				CLANG_WARN_ENUM_CONVERSION = YES;
				CLANG_WARN_INFINITE_RECURSION = YES;
				CLANG_WARN_INT_CONVERSION = YES;
				CLANG_WARN_NON_LITERAL_NULL_CONVERSION = YES;
				CLANG_WARN_OBJC_LITERAL_CONVERSION = YES;
				CLANG_WARN_OBJC_ROOT_CLASS = YES_ERROR;
				CLANG_WARN_RANGE_LOOP_ANALYSIS = YES;
				CLANG_WARN_STRICT_PROTOTYPES = YES;
				CLANG_WARN_SUSPICIOUS_MOVE = YES;
				CLANG_WARN_UNGUARDED_AVAILABILITY = YES_AGGRESSIVE;
				CLANG_WARN_UNREACHABLE_CODE = YES;
				CLANG_WARN__DUPLICATE_METHOD_MATCH = YES;
				CODE_SIGN_IDENTITY = "iPhone Developer";
				COPY_PHASE_STRIP = NO;
				DEBUG_INFORMATION_FORMAT = "dwarf-with-dsym";
				ENABLE_NS_ASSERTIONS = NO;
				ENABLE_STRICT_OBJC_MSGSEND = YES;
				GCC_C_LANGUAGE_STANDARD = gnu11;
				GCC_NO_COMMON_BLOCKS = YES;
				GCC_WARN_64_TO_32_BIT_CONVERSION = YES;
				GCC_WARN_ABOUT_RETURN_TYPE = YES_ERROR;
				GCC_WARN_UNDECLARED_SELECTOR = YES;
				GCC_WARN_UNINITIALIZED_AUTOS = YES_AGGRESSIVE;
				GCC_WARN_UNUSED_FUNCTION = YES;
				GCC_WARN_UNUSED_VARIABLE = YES;
				IPHONEOS_DEPLOYMENT_TARGET = 11.1;
				MTL_ENABLE_DEBUG_INFO = NO;
				SDKROOT = iphoneos;
				SWIFT_OPTIMIZATION_LEVEL = "-Owholemodule";
				VALIDATE_PRODUCT = YES;
			};
			name = Release;
		};
		B159AB8A1FB3ACB8003BE5A9 /* Debug */ = {
			isa = XCBuildConfiguration;
			baseConfigurationReference = 3571E723EE86C09366B329A0 /* Pods-ElectroProject.debug.xcconfig */;
			buildSettings = {
				ASSETCATALOG_COMPILER_APPICON_NAME = AppIcon;
				CODE_SIGN_STYLE = Automatic;
				DEVELOPMENT_TEAM = RSCZEJ479A;
				INFOPLIST_FILE = ElectroProject/Info.plist;
				IPHONEOS_DEPLOYMENT_TARGET = 11.0;
				LD_RUNPATH_SEARCH_PATHS = "$(inherited) @executable_path/Frameworks";
				PRODUCT_BUNDLE_IDENTIFIER = com.houcem.ElectroProject;
				PRODUCT_NAME = Treasity;
				SWIFT_VERSION = 4.0;
				TARGETED_DEVICE_FAMILY = "1,2";
			};
			name = Debug;
		};
		B159AB8B1FB3ACB8003BE5A9 /* Release */ = {
			isa = XCBuildConfiguration;
			baseConfigurationReference = 9CFB5B04FC214726476D577A /* Pods-ElectroProject.release.xcconfig */;
			buildSettings = {
				ASSETCATALOG_COMPILER_APPICON_NAME = AppIcon;
				CODE_SIGN_STYLE = Automatic;
				DEVELOPMENT_TEAM = RSCZEJ479A;
				INFOPLIST_FILE = ElectroProject/Info.plist;
				IPHONEOS_DEPLOYMENT_TARGET = 11.0;
				LD_RUNPATH_SEARCH_PATHS = "$(inherited) @executable_path/Frameworks";
				PRODUCT_BUNDLE_IDENTIFIER = com.houcem.ElectroProject;
				PRODUCT_NAME = Treasity;
				SWIFT_VERSION = 4.0;
				TARGETED_DEVICE_FAMILY = "1,2";
			};
			name = Release;
		};
/* End XCBuildConfiguration section */

/* Begin XCConfigurationList section */
		B159AB6F1FB3ACB8003BE5A9 /* Build configuration list for PBXProject "ElectroProject" */ = {
			isa = XCConfigurationList;
			buildConfigurations = (
				B159AB871FB3ACB8003BE5A9 /* Debug */,
				B159AB881FB3ACB8003BE5A9 /* Release */,
			);
			defaultConfigurationIsVisible = 0;
			defaultConfigurationName = Release;
		};
		B159AB891FB3ACB8003BE5A9 /* Build configuration list for PBXNativeTarget "ElectroProject" */ = {
			isa = XCConfigurationList;
			buildConfigurations = (
				B159AB8A1FB3ACB8003BE5A9 /* Debug */,
				B159AB8B1FB3ACB8003BE5A9 /* Release */,
			);
			defaultConfigurationIsVisible = 0;
			defaultConfigurationName = Release;
		};
/* End XCConfigurationList section */

/* Begin XCVersionGroup section */
		B159AB7E1FB3ACB8003BE5A9 /* ElectroProject.xcdatamodeld */ = {
			isa = XCVersionGroup;
			children = (
				B159AB7F1FB3ACB8003BE5A9 /* ElectroProject.xcdatamodel */,
			);
			currentVersion = B159AB7F1FB3ACB8003BE5A9 /* ElectroProject.xcdatamodel */;
			path = ElectroProject.xcdatamodeld;
			sourceTree = "<group>";
			versionGroupType = wrapper.xcdatamodel;
		};
/* End XCVersionGroup section */
	};
	rootObject = B159AB6C1FB3ACB8003BE5A9 /* Project object */;
}
